
Microsoft Visual Studio Solution File, Format Version 12.00
# Visual Studio 15
Project("{FAE04EC0-301F-11D3-BF4B-00C04F79EFBC}") = "UnityEngine.TestRunner", "UnityEngine.TestRunner.csproj", "{8962FB57-EA9B-CF24-E19B-B051C91F3758}"
EndProject
Project("{FAE04EC0-301F-11D3-BF4B-00C04F79EFBC}") = "Unity.Animation.Rigging", "Unity.Animation.Rigging.csproj", "{95CAFD44-DC19-9652-1EE9-202D4B5D5E64}"
EndProject
Project("{FAE04EC0-301F-11D3-BF4B-00C04F79EFBC}") = "Assembly-CSharp", "Assembly-CSharp.csproj", "{ECB88CFB-B660-743F-DAA4-53C1BA3B39F8}"
EndProject
Project("{FAE04EC0-301F-11D3-BF4B-00C04F79EFBC}") = "Unity.InputSystem", "Unity.InputSystem.csproj", "{CF63CBF6-BE86-FE56-DDD1-17CEE9C0BB4E}"
EndProject
Project("{FAE04EC0-301F-11D3-BF4B-00C04F79EFBC}") = "Unity.TextMeshPro", "Unity.TextMeshPro.csproj", "{B2713430-AC65-8103-7E13-71473CC82D66}"
EndProject
Project("{FAE04EC0-301F-11D3-BF4B-00C04F79EFBC}") = "Unity.Timeline", "Unity.Timeline.csproj", "{33F90A54-28DD-FBE8-6D91-9ECBA08C8D5E}"
EndProject
Project("{FAE04EC0-301F-11D3-BF4B-00C04F79EFBC}") = "Cinemachine", "Cinemachine.csproj", "{8A19A226-BC2D-6E4B-2414-B9BF0BC99C16}"
EndProject
Project("{FAE04EC0-301F-11D3-BF4B-00C04F79EFBC}") = "Unity.Mathematics", "Unity.Mathematics.csproj", "{A7DE6A64-6DEF-945B-E8EC-24F1B6C7B476}"
EndProject
Project("{FAE04EC0-301F-11D3-BF4B-00C04F79EFBC}") = "Unity.Burst", "Unity.Burst.csproj", "{2E3D95B3-AEA1-C7F0-F6CB-23AA656BE121}"
EndProject
Project("{FAE04EC0-301F-11D3-BF4B-00C04F79EFBC}") = "Unity.TextMeshPro.Editor", "Unity.TextMeshPro.Editor.csproj", "{D93CFCAA-D357-542B-BFC4-1951229B5CDB}"
EndProject
Project("{FAE04EC0-301F-11D3-BF4B-00C04F79EFBC}") = "Unity.Timeline.Editor", "Unity.Timeline.Editor.csproj", "{92F91761-8E70-CDB2-B7EA-161799243514}"
EndProject
Project("{FAE04EC0-301F-11D3-BF4B-00C04F79EFBC}") = "Unity.CollabProxy.Editor", "Unity.CollabProxy.Editor.csproj", "{A74DFCE4-0A13-B2B6-55D7-1984DAF11934}"
EndProject
Project("{FAE04EC0-301F-11D3-BF4B-00C04F79EFBC}") = "UnityEditor.TestRunner", "UnityEditor.TestRunner.csproj", "{36C94DA0-9EB9-74AA-8757-F1598080C54D}"
EndProject
Project("{FAE04EC0-301F-11D3-BF4B-00C04F79EFBC}") = "Unity.Animation.Rigging.Editor", "Unity.Animation.Rigging.Editor.csproj", "{84D99E20-5F1E-6359-E50A-CE1829A62F6F}"
EndProject
Project("{FAE04EC0-301F-11D3-BF4B-00C04F79EFBC}") = "com.unity.cinemachine.editor", "com.unity.cinemachine.editor.csproj", "{1C39B72D-024F-002E-01FA-2930AB4EDB1B}"
EndProject
Project("{FAE04EC0-301F-11D3-BF4B-00C04F79EFBC}") = "Unity.Rider.Editor", "Unity.Rider.Editor.csproj", "{4EC794A3-98BF-8EA7-62F9-E746244050D5}"
EndProject
Project("{FAE04EC0-301F-11D3-BF4B-00C04F79EFBC}") = "Unity.VisualStudio.Editor", "Unity.VisualStudio.Editor.csproj", "{321E457E-8329-19F5-DFC2-77D145680D9A}"
EndProject
Project("{FAE04EC0-301F-11D3-BF4B-00C04F79EFBC}") = "Unity.VSCode.Editor", "Unity.VSCode.Editor.csproj", "{C30D39F0-4EE7-0AD3-1137-59FCE1C4BD57}"
EndProject
Project("{FAE04EC0-301F-11D3-BF4B-00C04F79EFBC}") = "Unity.Burst.Editor", "Unity.Burst.Editor.csproj", "{FCD0E90D-3D4D-3D06-905C-5664373DA541}"
EndProject
Project("{FAE04EC0-301F-11D3-BF4B-00C04F79EFBC}") = "Unity.Mathematics.Editor", "Unity.Mathematics.Editor.csproj", "{65080C76-12A2-200F-E155-B278AF80070B}"
EndProject
Global
	GlobalSection(SolutionConfigurationPlatforms) = preSolution
		Debug|Any CPU = Debug|Any CPU
		Release|Any CPU = Release|Any CPU
	EndGlobalSection
	GlobalSection(ProjectConfigurationPlatforms) = postSolution
		{8962FB57-EA9B-CF24-E19B-B051C91F3758}.Debug|Any CPU.ActiveCfg = Debug|Any CPU
		{8962FB57-EA9B-CF24-E19B-B051C91F3758}.Debug|Any CPU.Build.0 = Debug|Any CPU
		{8962FB57-EA9B-CF24-E19B-B051C91F3758}.Release|Any CPU.ActiveCfg = Release|Any CPU
		{8962FB57-EA9B-CF24-E19B-B051C91F3758}.Release|Any CPU.Build.0 = Release|Any CPU
		{95CAFD44-DC19-9652-1EE9-202D4B5D5E64}.Debug|Any CPU.ActiveCfg = Debug|Any CPU
		{95CAFD44-DC19-9652-1EE9-202D4B5D5E64}.Debug|Any CPU.Build.0 = Debug|Any CPU
		{95CAFD44-DC19-9652-1EE9-202D4B5D5E64}.Release|Any CPU.ActiveCfg = Release|Any CPU
		{95CAFD44-DC19-9652-1EE9-202D4B5D5E64}.Release|Any CPU.Build.0 = Release|Any CPU
		{ECB88CFB-B660-743F-DAA4-53C1BA3B39F8}.Debug|Any CPU.ActiveCfg = Debug|Any CPU
		{ECB88CFB-B660-743F-DAA4-53C1BA3B39F8}.Debug|Any CPU.Build.0 = Debug|Any CPU
		{ECB88CFB-B660-743F-DAA4-53C1BA3B39F8}.Release|Any CPU.ActiveCfg = Release|Any CPU
		{ECB88CFB-B660-743F-DAA4-53C1BA3B39F8}.Release|Any CPU.Build.0 = Release|Any CPU
		{CF63CBF6-BE86-FE56-DDD1-17CEE9C0BB4E}.Debug|Any CPU.ActiveCfg = Debug|Any CPU
		{CF63CBF6-BE86-FE56-DDD1-17CEE9C0BB4E}.Debug|Any CPU.Build.0 = Debug|Any CPU
		{CF63CBF6-BE86-FE56-DDD1-17CEE9C0BB4E}.Release|Any CPU.ActiveCfg = Release|Any CPU
		{CF63CBF6-BE86-FE56-DDD1-17CEE9C0BB4E}.Release|Any CPU.Build.0 = Release|Any CPU
		{B2713430-AC65-8103-7E13-71473CC82D66}.Debug|Any CPU.ActiveCfg = Debug|Any CPU
		{B2713430-AC65-8103-7E13-71473CC82D66}.Debug|Any CPU.Build.0 = Debug|Any CPU
		{B2713430-AC65-8103-7E13-71473CC82D66}.Release|Any CPU.ActiveCfg = Release|Any CPU
		{B2713430-AC65-8103-7E13-71473CC82D66}.Release|Any CPU.Build.0 = Release|Any CPU
		{33F90A54-28DD-FBE8-6D91-9ECBA08C8D5E}.Debug|Any CPU.ActiveCfg = Debug|Any CPU
		{33F90A54-28DD-FBE8-6D91-9ECBA08C8D5E}.Debug|Any CPU.Build.0 = Debug|Any CPU
		{33F90A54-28DD-FBE8-6D91-9ECBA08C8D5E}.Release|Any CPU.ActiveCfg = Release|Any CPU
		{33F90A54-28DD-FBE8-6D91-9ECBA08C8D5E}.Release|Any CPU.Build.0 = Release|Any CPU
		{8A19A226-BC2D-6E4B-2414-B9BF0BC99C16}.Debug|Any CPU.ActiveCfg = Debug|Any CPU
		{8A19A226-BC2D-6E4B-2414-B9BF0BC99C16}.Debug|Any CPU.Build.0 = Debug|Any CPU
		{8A19A226-BC2D-6E4B-2414-B9BF0BC99C16}.Release|Any CPU.ActiveCfg = Release|Any CPU
		{8A19A226-BC2D-6E4B-2414-B9BF0BC99C16}.Release|Any CPU.Build.0 = Release|Any CPU
		{A7DE6A64-6DEF-945B-E8EC-24F1B6C7B476}.Debug|Any CPU.ActiveCfg = Debug|Any CPU
		{A7DE6A64-6DEF-945B-E8EC-24F1B6C7B476}.Debug|Any CPU.Build.0 = Debug|Any CPU
		{A7DE6A64-6DEF-945B-E8EC-24F1B6C7B476}.Release|Any CPU.ActiveCfg = Release|Any CPU
		{A7DE6A64-6DEF-945B-E8EC-24F1B6C7B476}.Release|Any CPU.Build.0 = Release|Any CPU
		{2E3D95B3-AEA1-C7F0-F6CB-23AA656BE121}.Debug|Any CPU.ActiveCfg = Debug|Any CPU
		{2E3D95B3-AEA1-C7F0-F6CB-23AA656BE121}.Debug|Any CPU.Build.0 = Debug|Any CPU
		{2E3D95B3-AEA1-C7F0-F6CB-23AA656BE121}.Release|Any CPU.ActiveCfg = Release|Any CPU
		{2E3D95B3-AEA1-C7F0-F6CB-23AA656BE121}.Release|Any CPU.Build.0 = Release|Any CPU
		{D93CFCAA-D357-542B-BFC4-1951229B5CDB}.Debug|Any CPU.ActiveCfg = Debug|Any CPU
		{D93CFCAA-D357-542B-BFC4-1951229B5CDB}.Debug|Any CPU.Build.0 = Debug|Any CPU
		{D93CFCAA-D357-542B-BFC4-1951229B5CDB}.Release|Any CPU.ActiveCfg = Release|Any CPU
		{D93CFCAA-D357-542B-BFC4-1951229B5CDB}.Release|Any CPU.Build.0 = Release|Any CPU
		{92F91761-8E70-CDB2-B7EA-161799243514}.Debug|Any CPU.ActiveCfg = Debug|Any CPU
		{92F91761-8E70-CDB2-B7EA-161799243514}.Debug|Any CPU.Build.0 = Debug|Any CPU
		{92F91761-8E70-CDB2-B7EA-161799243514}.Release|Any CPU.ActiveCfg = Release|Any CPU
		{92F91761-8E70-CDB2-B7EA-161799243514}.Release|Any CPU.Build.0 = Release|Any CPU
		{A74DFCE4-0A13-B2B6-55D7-1984DAF11934}.Debug|Any CPU.ActiveCfg = Debug|Any CPU
		{A74DFCE4-0A13-B2B6-55D7-1984DAF11934}.Debug|Any CPU.Build.0 = Debug|Any CPU
		{A74DFCE4-0A13-B2B6-55D7-1984DAF11934}.Release|Any CPU.ActiveCfg = Release|Any CPU
		{A74DFCE4-0A13-B2B6-55D7-1984DAF11934}.Release|Any CPU.Build.0 = Release|Any CPU
		{36C94DA0-9EB9-74AA-8757-F1598080C54D}.Debug|Any CPU.ActiveCfg = Debug|Any CPU
		{36C94DA0-9EB9-74AA-8757-F1598080C54D}.Debug|Any CPU.Build.0 = Debug|Any CPU
		{36C94DA0-9EB9-74AA-8757-F1598080C54D}.Release|Any CPU.ActiveCfg = Release|Any CPU
		{36C94DA0-9EB9-74AA-8757-F1598080C54D}.Release|Any CPU.Build.0 = Release|Any CPU
		{84D99E20-5F1E-6359-E50A-CE1829A62F6F}.Debug|Any CPU.ActiveCfg = Debug|Any CPU
		{84D99E20-5F1E-6359-E50A-CE1829A62F6F}.Debug|Any CPU.Build.0 = Debug|Any CPU
		{84D99E20-5F1E-6359-E50A-CE1829A62F6F}.Release|Any CPU.ActiveCfg = Release|Any CPU
		{84D99E20-5F1E-6359-E50A-CE1829A62F6F}.Release|Any CPU.Build.0 = Release|Any CPU
		{1C39B72D-024F-002E-01FA-2930AB4EDB1B}.Debug|Any CPU.ActiveCfg = Debug|Any CPU
		{1C39B72D-024F-002E-01FA-2930AB4EDB1B}.Debug|Any CPU.Build.0 = Debug|Any CPU
		{1C39B72D-024F-002E-01FA-2930AB4EDB1B}.Release|Any CPU.ActiveCfg = Release|Any CPU
		{1C39B72D-024F-002E-01FA-2930AB4EDB1B}.Release|Any CPU.Build.0 = Release|Any CPU
		{4EC794A3-98BF-8EA7-62F9-E746244050D5}.Debug|Any CPU.ActiveCfg = Debug|Any CPU
		{4EC794A3-98BF-8EA7-62F9-E746244050D5}.Debug|Any CPU.Build.0 = Debug|Any CPU
		{4EC794A3-98BF-8EA7-62F9-E746244050D5}.Release|Any CPU.ActiveCfg = Release|Any CPU
		{4EC794A3-98BF-8EA7-62F9-E746244050D5}.Release|Any CPU.Build.0 = Release|Any CPU
		{321E457E-8329-19F5-DFC2-77D145680D9A}.Debug|Any CPU.ActiveCfg = Debug|Any CPU
		{321E457E-8329-19F5-DFC2-77D145680D9A}.Debug|Any CPU.Build.0 = Debug|Any CPU
		{321E457E-8329-19F5-DFC2-77D145680D9A}.Release|Any CPU.ActiveCfg = Release|Any CPU
		{321E457E-8329-19F5-DFC2-77D145680D9A}.Release|Any CPU.Build.0 = Release|Any CPU
		{C30D39F0-4EE7-0AD3-1137-59FCE1C4BD57}.Debug|Any CPU.ActiveCfg = Debug|Any CPU
		{C30D39F0-4EE7-0AD3-1137-59FCE1C4BD57}.Debug|Any CPU.Build.0 = Debug|Any CPU
		{C30D39F0-4EE7-0AD3-1137-59FCE1C4BD57}.Release|Any CPU.ActiveCfg = Release|Any CPU
		{C30D39F0-4EE7-0AD3-1137-59FCE1C4BD57}.Release|Any CPU.Build.0 = Release|Any CPU
		{FCD0E90D-3D4D-3D06-905C-5664373DA541}.Debug|Any CPU.ActiveCfg = Debug|Any CPU
		{FCD0E90D-3D4D-3D06-905C-5664373DA541}.Debug|Any CPU.Build.0 = Debug|Any CPU
		{FCD0E90D-3D4D-3D06-905C-5664373DA541}.Release|Any CPU.ActiveCfg = Release|Any CPU
		{FCD0E90D-3D4D-3D06-905C-5664373DA541}.Release|Any CPU.Build.0 = Release|Any CPU
		{65080C76-12A2-200F-E155-B278AF80070B}.Debug|Any CPU.ActiveCfg = Debug|Any CPU
		{65080C76-12A2-200F-E155-B278AF80070B}.Debug|Any CPU.Build.0 = Debug|Any CPU
		{65080C76-12A2-200F-E155-B278AF80070B}.Release|Any CPU.ActiveCfg = Release|Any CPU
		{65080C76-12A2-200F-E155-B278AF80070B}.Release|Any CPU.Build.0 = Release|Any CPU
	EndGlobalSection
	GlobalSection(SolutionProperties) = preSolution
		HideSolutionNode = FALSE
	EndGlobalSection
EndGlobal
